{
  "version": 4,
  "terraform_version": "1.11.2",
  "serial": 33,
  "lineage": "a1ed578c-aa2b-f942-7efd-9f814dc5729d",
  "outputs": {
    "codedeploy_app_name": {
      "value": "istory-app",
      "type": "string"
    },
    "codedeploy_deployment_group_name": {
      "value": "istory-deploy-group",
      "type": "string"
    },
    "dev_istory_nginx_instance_public_ip": {
      "value": "54.180.245.67",
      "type": "string"
    },
    "istory-deploy-bucket_name": {
      "value": "istory-deploy-bucket-340752805738",
      "type": "string"
    },
    "rds_database_name": {
      "value": "istory",
      "type": "string"
    },
    "rds_endpoint": {
      "value": "istory-db.cxwu82ks0ddf.ap-northeast-2.rds.amazonaws.com:3306",
      "type": "string"
    },
    "rds_username": {
      "value": "user",
      "type": "string"
    },
    "ssh_private_key_pem": {
      "value": "-----BEGIN RSA PRIVATE KEY-----\nMIIEpQIBAAKCAQEAqG/li6ICEEDaCKqKVajyU+jwMt9+tdnC2j4YovdCYIdig7Rk\nkTTe/1rwdUvCJ/d5Ed0zqZ5R1Z5XpB5dPmS7pfwVY63SzUaxcbUyKBo4Orz2PGcu\n+6PMXXkhhnDZ5rSRVfvbyJYv3Ll3sdqvic6SoPO3rrIv058zKIah/yPDsxJjE6NW\nzo3zuc0NiaSz5STAazwBacYfogtt0ccs5WZN+ZrgpmJ/pbUGliwADyXICyogs+K4\n8EShYb7yS8Q9ihgKQx7OlDMG4mam2myf6aYj9SDvrYmXjaPqePhemVpplIi/lTtW\nlcbCpAHuwUtuOyW9LqbLQiWfhxH0cqQvPfYZtwIDAQABAoIBAEzlIJcZc/W1lZRF\nPvgSM+bovdeLvo4IhvMZTCgB13S3+dqEnTDJQVC0VHhICLA0QzpLkM1LsLJkIkCT\neCAG3r/NEHq8HTOHpXRysx4psifmokc7F/Dbe23k4dA9bszq/DqTy2eMYPdUWHeC\njYbNHpWKDf4b7Megszs6E3SmAC6cZXaa5LVjnFU1jiUAckfzQJePNnRdzkrvH0uJ\nlcxAQP4Du3YLw7ylaQKyoISSv5r3ehWaeHGCgk6q3QuviuKDywU4dLU6MqOmROcP\nA/3lsYeL5GJMNk4J3fOD/MKQhXiERKNJ9qZRNdqJkkMtbwBKJz4WzIkfVejI9mnf\nx5IMmGECgYEAxYLo5QNPMdpy11OwSyvUnnDlg5dnQk8XDLeaXlc/lfvyvrSM3tdm\n71iuxoYpc2yqNAm2+dOoCCLpSBiE3PLloIXRAnebORWW9pwjz6c1XarLfO1/bCfl\nRvGvN81ZLv0cgbwrC2Hhfn0PGQFdteqSNxVl9bcieRJipI3Bn2uu4PECgYEA2lDn\nHW8BCJfLvnv+HkMrdIgwKJYN1FeN7l81mZnUkPigwLylT9MCg8TjqRnK4aGy+MNJ\nr2KcwRL7P0Y2T6gs93FGoKxiezki9Hgx8RUwL9uMzOheoiz9BhqYB+3aBeIuwPQS\nODAbNFvvWHxTqOpgeunOti0A/DP9nm9cV3y/JScCgYEAhYkllrhvEcCkxkpxtdET\ndm/T7O0vRhic998mgkQw3GG0VBVT7NHraUUnHVfVrJE6XeZ3jF76i023NSRGp++d\nKrNuhWGCU8zx/RfB6oIdRY/U9kjITsKGdDmxAmRWuLsuS9SBsbdispcw3vIafoTy\niEVyYveHWh4BDUo+L1+po7ECgYEAsuvhLgc+kptNePTHxGeKYrwGtAyekuuav8S5\n+gPP6WxK2wsAdNZb1kBz0K/5zUenlSb/6cRo8fergCT79/a9u6HTn3UIVTLzieZE\nD/AsiNxnnbvHayRxziHXfZAawf2oEa02jWQnt5atJxjlu6cyoSmjpzxk9U1qywE7\nbdwoD7sCgYEArgeKssXZXuz15UFgCviVfotVpIF2E7VfSJUWC2FEicCZdSFgDwB8\nkIPS/E/gOGPoDFZ+rI5/4iGUSSeq6853e8kpcVxCoQiKmHECTNBZHH9eH1/nIfWw\n+FiGhgo8MmWukhLvZo1vcxBFa1QBqAX2MJtIp1fGi4KbF4CPGuf8XcA=\n-----END RSA PRIVATE KEY-----\n",
      "type": "string",
      "sensitive": true
    }
  },
  "resources": [
    {
      "mode": "data",
      "type": "aws_caller_identity",
      "name": "current",
      "provider": "provider[\"registry.terraform.io/hashicorp/aws\"]",
      "instances": [
        {
          "schema_version": 0,
          "attributes": {
            "account_id": "340752805738",
            "arn": "arn:aws:iam::340752805738:user/cicd",
            "id": "340752805738",
            "user_id": "AIDAU6VTTF5VPHS3XLY3B"
          },
          "sensitive_attributes": []
        }
      ]
    },
    {
      "mode": "managed",
      "type": "aws_codedeploy_app",
      "name": "istory-app",
      "provider": "provider[\"registry.terraform.io/hashicorp/aws\"]",
      "instances": [
        {
          "schema_version": 0,
          "attributes": {
            "application_id": "3dc55a71-e2e1-4453-88f7-783c950d1fc3",
            "arn": "arn:aws:codedeploy:ap-northeast-2:340752805738:application:istory-app",
            "compute_platform": "Server",
            "github_account_name": "",
            "id": "3dc55a71-e2e1-4453-88f7-783c950d1fc3:istory-app",
            "linked_to_github": false,
            "name": "istory-app",
            "tags": {},
            "tags_all": {}
          },
          "sensitive_attributes": [],
          "private": "bnVsbA=="
        }
      ]
    },
    {
      "mode": "managed",
      "type": "aws_codedeploy_deployment_group",
      "name": "istory-deploy_group",
      "provider": "provider[\"registry.terraform.io/hashicorp/aws\"]",
      "instances": [
        {
          "schema_version": 0,
          "attributes": {
            "alarm_configuration": [],
            "app_name": "istory-app",
            "arn": "arn:aws:codedeploy:ap-northeast-2:340752805738:deploymentgroup:istory-app/istory-deploy-group",
            "auto_rollback_configuration": [
              {
                "enabled": true,
                "events": [
                  "DEPLOYMENT_FAILURE"
                ]
              }
            ],
            "autoscaling_groups": [],
            "blue_green_deployment_config": [],
            "compute_platform": "Server",
            "deployment_config_name": "CodeDeployDefault.OneAtATime",
            "deployment_group_id": "631b5830-19fe-415e-b69f-42250c40269d",
            "deployment_group_name": "istory-deploy-group",
            "deployment_style": [
              {
                "deployment_option": "WITHOUT_TRAFFIC_CONTROL",
                "deployment_type": "IN_PLACE"
              }
            ],
            "ec2_tag_filter": [],
            "ec2_tag_set": [
              {
                "ec2_tag_filter": [
                  {
                    "key": "Environment",
                    "type": "KEY_AND_VALUE",
                    "value": "Development"
                  }
                ]
              }
            ],
            "ecs_service": [],
            "id": "631b5830-19fe-415e-b69f-42250c40269d",
            "load_balancer_info": [],
            "on_premises_instance_tag_filter": [],
            "outdated_instances_strategy": "UPDATE",
            "service_role_arn": "arn:aws:iam::340752805738:role/CodeDeployServiceRole",
            "tags": {},
            "tags_all": {},
            "termination_hook_enabled": false,
            "trigger_configuration": []
          },
          "sensitive_attributes": [],
          "private": "bnVsbA==",
          "dependencies": [
            "aws_codedeploy_app.istory-app",
            "aws_iam_role.codedeploy_service_role"
          ]
        }
      ]
    },
    {
      "mode": "managed",
      "type": "aws_db_instance",
      "name": "istory_db",
      "provider": "provider[\"registry.terraform.io/hashicorp/aws\"]",
      "instances": [
        {
          "schema_version": 2,
          "attributes": {
            "address": "istory-db.cxwu82ks0ddf.ap-northeast-2.rds.amazonaws.com",
            "allocated_storage": 20,
            "allow_major_version_upgrade": null,
            "apply_immediately": false,
            "arn": "arn:aws:rds:ap-northeast-2:340752805738:db:istory-db",
            "auto_minor_version_upgrade": true,
            "availability_zone": "ap-northeast-2d",
            "backup_retention_period": 7,
            "backup_target": "region",
            "backup_window": "03:00-04:00",
            "blue_green_update": [],
            "ca_cert_identifier": "rds-ca-rsa2048-g1",
            "character_set_name": "",
            "copy_tags_to_snapshot": false,
            "custom_iam_instance_profile": "",
            "customer_owned_ip_enabled": false,
            "database_insights_mode": "standard",
            "db_name": "istory",
            "db_subnet_group_name": "istory-db-subnet-group",
            "dedicated_log_volume": false,
            "delete_automated_backups": true,
            "deletion_protection": false,
            "domain": "",
            "domain_auth_secret_arn": "",
            "domain_dns_ips": [],
            "domain_fqdn": "",
            "domain_iam_role_name": "",
            "domain_ou": "",
            "enabled_cloudwatch_logs_exports": [],
            "endpoint": "istory-db.cxwu82ks0ddf.ap-northeast-2.rds.amazonaws.com:3306",
            "engine": "mysql",
            "engine_lifecycle_support": "open-source-rds-extended-support",
            "engine_version": "8.0",
            "engine_version_actual": "8.0.40",
            "final_snapshot_identifier": null,
            "hosted_zone_id": "ZLA2NUCOLGUUR",
            "iam_database_authentication_enabled": false,
            "id": "db-G7BKDM3MLLMCWRIFIQJMV2UXIE",
            "identifier": "istory-db",
            "identifier_prefix": "",
            "instance_class": "db.t3.micro",
            "iops": 0,
            "kms_key_id": "",
            "latest_restorable_time": "2025-03-22T05:50:00Z",
            "license_model": "general-public-license",
            "listener_endpoint": [],
            "maintenance_window": "mon:04:00-mon:05:00",
            "manage_master_user_password": null,
            "master_user_secret": [],
            "master_user_secret_kms_key_id": null,
            "max_allocated_storage": 0,
            "monitoring_interval": 0,
            "monitoring_role_arn": "",
            "multi_az": false,
            "nchar_character_set_name": "",
            "network_type": "IPV4",
            "option_group_name": "default:mysql-8-0",
            "parameter_group_name": "istory-db-parameter-group",
            "password": "user12345",
            "password_wo": null,
            "password_wo_version": null,
            "performance_insights_enabled": false,
            "performance_insights_kms_key_id": "",
            "performance_insights_retention_period": 0,
            "port": 3306,
            "publicly_accessible": false,
            "replica_mode": "",
            "replicas": [],
            "replicate_source_db": "",
            "resource_id": "db-G7BKDM3MLLMCWRIFIQJMV2UXIE",
            "restore_to_point_in_time": [],
            "s3_import": [],
            "skip_final_snapshot": true,
            "snapshot_identifier": null,
            "status": "available",
            "storage_encrypted": false,
            "storage_throughput": 0,
            "storage_type": "gp2",
            "tags": {
              "Environment": "Development",
              "Name": "istory"
            },
            "tags_all": {
              "Environment": "Development",
              "Name": "istory"
            },
            "timeouts": null,
            "timezone": "",
            "upgrade_storage_config": null,
            "username": "user",
            "vpc_security_group_ids": [
              "sg-09901a8bc436bcdba"
            ]
          },
          "sensitive_attributes": [
            [
              {
                "type": "get_attr",
                "value": "password_wo"
              }
            ],
            [
              {
                "type": "get_attr",
                "value": "password"
              }
            ]
          ],
          "private": "eyJlMmJmYjczMC1lY2FhLTExZTYtOGY4OC0zNDM2M2JjN2M0YzAiOnsiY3JlYXRlIjozMDAwMDAwMDAwMDAwLCJkZWxldGUiOjM2MDAwMDAwMDAwMDAsInVwZGF0ZSI6NDgwMDAwMDAwMDAwMH0sInNjaGVtYV92ZXJzaW9uIjoiMiJ9",
          "dependencies": [
            "aws_db_parameter_group.istory_db_parameter_group",
            "aws_db_subnet_group.istory_db_subnet_group",
            "aws_security_group.istory_nginx_sg",
            "aws_security_group.istory_rds_sg",
            "aws_subnet.dangtong-vpc-public-subnet",
            "aws_vpc.dangtong-vpc"
          ]
        }
      ]
    },
    {
      "mode": "managed",
      "type": "aws_db_parameter_group",
      "name": "istory_db_parameter_group",
      "provider": "provider[\"registry.terraform.io/hashicorp/aws\"]",
      "instances": [
        {
          "schema_version": 0,
          "attributes": {
            "arn": "arn:aws:rds:ap-northeast-2:340752805738:pg:istory-db-parameter-group",
            "description": "Managed by Terraform",
            "family": "mysql8.0",
            "id": "istory-db-parameter-group",
            "name": "istory-db-parameter-group",
            "name_prefix": "",
            "parameter": [
              {
                "apply_method": "immediate",
                "name": "character_set_client",
                "value": "utf8mb4"
              },
              {
                "apply_method": "immediate",
                "name": "character_set_server",
                "value": "utf8mb4"
              }
            ],
            "skip_destroy": false,
            "tags": {},
            "tags_all": {}
          },
          "sensitive_attributes": [],
          "private": "bnVsbA=="
        }
      ]
    },
    {
      "mode": "managed",
      "type": "aws_db_subnet_group",
      "name": "istory_db_subnet_group",
      "provider": "provider[\"registry.terraform.io/hashicorp/aws\"]",
      "instances": [
        {
          "schema_version": 0,
          "attributes": {
            "arn": "arn:aws:rds:ap-northeast-2:340752805738:subgrp:istory-db-subnet-group",
            "description": "Managed by Terraform",
            "id": "istory-db-subnet-group",
            "name": "istory-db-subnet-group",
            "name_prefix": "",
            "subnet_ids": [
              "subnet-0021d5f2ecc22b4ca",
              "subnet-04464b6ac831dc69d",
              "subnet-0bd1f27a248db0766",
              "subnet-0d08e15d825f27d7b"
            ],
            "supported_network_types": [
              "IPV4"
            ],
            "tags": {
              "Name": "istory DB subnet group"
            },
            "tags_all": {
              "Name": "istory DB subnet group"
            },
            "vpc_id": "vpc-0cd3c8cd7f1dc8743"
          },
          "sensitive_attributes": [],
          "private": "bnVsbA==",
          "dependencies": [
            "aws_subnet.dangtong-vpc-public-subnet",
            "aws_vpc.dangtong-vpc"
          ]
        }
      ]
    },
    {
      "mode": "managed",
      "type": "aws_iam_instance_profile",
      "name": "ec2_profile",
      "provider": "provider[\"registry.terraform.io/hashicorp/aws\"]",
      "instances": [
        {
          "schema_version": 0,
          "attributes": {
            "arn": "arn:aws:iam::340752805738:instance-profile/EC2CodeDeployProfile",
            "create_date": "2025-03-22T05:20:12Z",
            "id": "EC2CodeDeployProfile",
            "name": "EC2CodeDeployProfile",
            "name_prefix": "",
            "path": "/",
            "role": "EC2CodeDeployRole",
            "tags": {},
            "tags_all": {},
            "unique_id": "AIPAU6VTTF5VM5SVAUKHA"
          },
          "sensitive_attributes": [],
          "private": "bnVsbA==",
          "dependencies": [
            "aws_iam_role.ec2_codedeploy_role"
          ]
        }
      ]
    },
    {
      "mode": "managed",
      "type": "aws_iam_role",
      "name": "codedeploy_service_role",
      "provider": "provider[\"registry.terraform.io/hashicorp/aws\"]",
      "instances": [
        {
          "schema_version": 0,
          "attributes": {
            "arn": "arn:aws:iam::340752805738:role/CodeDeployServiceRole",
            "assume_role_policy": "{\"Statement\":[{\"Action\":\"sts:AssumeRole\",\"Effect\":\"Allow\",\"Principal\":{\"Service\":\"codedeploy.amazonaws.com\"}}],\"Version\":\"2012-10-17\"}",
            "create_date": "2025-03-22T05:20:11Z",
            "description": "",
            "force_detach_policies": false,
            "id": "CodeDeployServiceRole",
            "inline_policy": [],
            "managed_policy_arns": [
              "arn:aws:iam::aws:policy/service-role/AWSCodeDeployRole"
            ],
            "max_session_duration": 3600,
            "name": "CodeDeployServiceRole",
            "name_prefix": "",
            "path": "/",
            "permissions_boundary": "",
            "tags": {
              "Name": "codedeploy-service-role"
            },
            "tags_all": {
              "Name": "codedeploy-service-role"
            },
            "unique_id": "AROAU6VTTF5VPZOYAIWFB"
          },
          "sensitive_attributes": [],
          "private": "bnVsbA=="
        }
      ]
    },
    {
      "mode": "managed",
      "type": "aws_iam_role",
      "name": "ec2_codedeploy_role",
      "provider": "provider[\"registry.terraform.io/hashicorp/aws\"]",
      "instances": [
        {
          "schema_version": 0,
          "attributes": {
            "arn": "arn:aws:iam::340752805738:role/EC2CodeDeployRole",
            "assume_role_policy": "{\"Statement\":[{\"Action\":\"sts:AssumeRole\",\"Effect\":\"Allow\",\"Principal\":{\"Service\":\"ec2.amazonaws.com\"}}],\"Version\":\"2012-10-17\"}",
            "create_date": "2025-03-22T05:20:11Z",
            "description": "",
            "force_detach_policies": false,
            "id": "EC2CodeDeployRole",
            "inline_policy": [],
            "managed_policy_arns": [
              "arn:aws:iam::aws:policy/AmazonS3ReadOnlyAccess",
              "arn:aws:iam::aws:policy/service-role/AWSCodeDeployRole"
            ],
            "max_session_duration": 3600,
            "name": "EC2CodeDeployRole",
            "name_prefix": "",
            "path": "/",
            "permissions_boundary": "",
            "tags": {
              "Name": "ec2-codedeploy-role"
            },
            "tags_all": {
              "Name": "ec2-codedeploy-role"
            },
            "unique_id": "AROAU6VTTF5VJYLWDQPDB"
          },
          "sensitive_attributes": [],
          "private": "bnVsbA=="
        }
      ]
    },
    {
      "mode": "managed",
      "type": "aws_iam_role_policy_attachment",
      "name": "codedeploy_service",
      "provider": "provider[\"registry.terraform.io/hashicorp/aws\"]",
      "instances": [
        {
          "schema_version": 0,
          "attributes": {
            "id": "CodeDeployServiceRole-20250322052012627100000002",
            "policy_arn": "arn:aws:iam::aws:policy/service-role/AWSCodeDeployRole",
            "role": "CodeDeployServiceRole"
          },
          "sensitive_attributes": [],
          "private": "bnVsbA==",
          "dependencies": [
            "aws_iam_role.codedeploy_service_role"
          ]
        }
      ]
    },
    {
      "mode": "managed",
      "type": "aws_iam_role_policy_attachment",
      "name": "ec2_codedeploy",
      "provider": "provider[\"registry.terraform.io/hashicorp/aws\"]",
      "instances": [
        {
          "schema_version": 0,
          "attributes": {
            "id": "EC2CodeDeployRole-20250322052012398500000001",
            "policy_arn": "arn:aws:iam::aws:policy/service-role/AWSCodeDeployRole",
            "role": "EC2CodeDeployRole"
          },
          "sensitive_attributes": [],
          "private": "bnVsbA==",
          "dependencies": [
            "aws_iam_role.ec2_codedeploy_role"
          ]
        }
      ]
    },
    {
      "mode": "managed",
      "type": "aws_iam_role_policy_attachment",
      "name": "ec2_codedeploy_s3",
      "provider": "provider[\"registry.terraform.io/hashicorp/aws\"]",
      "instances": [
        {
          "schema_version": 0,
          "attributes": {
            "id": "EC2CodeDeployRole-20250322052012686600000003",
            "policy_arn": "arn:aws:iam::aws:policy/AmazonS3ReadOnlyAccess",
            "role": "EC2CodeDeployRole"
          },
          "sensitive_attributes": [],
          "private": "bnVsbA==",
          "dependencies": [
            "aws_iam_role.ec2_codedeploy_role"
          ]
        }
      ]
    },
    {
      "mode": "managed",
      "type": "aws_instance",
      "name": "dev_istory_nginx_instance",
      "provider": "provider[\"registry.terraform.io/hashicorp/aws\"]",
      "instances": [
        {
          "schema_version": 1,
          "attributes": {
            "ami": "ami-08b09b6acd8d62254",
            "arn": "arn:aws:ec2:ap-northeast-2:340752805738:instance/i-04deae461698a795a",
            "associate_public_ip_address": true,
            "availability_zone": "ap-northeast-2a",
            "capacity_reservation_specification": [
              {
                "capacity_reservation_preference": "open",
                "capacity_reservation_target": []
              }
            ],
            "cpu_core_count": 1,
            "cpu_options": [
              {
                "amd_sev_snp": "",
                "core_count": 1,
                "threads_per_core": 1
              }
            ],
            "cpu_threads_per_core": 1,
            "credit_specification": [
              {
                "cpu_credits": "standard"
              }
            ],
            "disable_api_stop": false,
            "disable_api_termination": false,
            "ebs_block_device": [],
            "ebs_optimized": false,
            "enable_primary_ipv6": null,
            "enclave_options": [
              {
                "enabled": false
              }
            ],
            "ephemeral_block_device": [],
            "get_password_data": false,
            "hibernation": false,
            "host_id": "",
            "host_resource_group_arn": null,
            "iam_instance_profile": "EC2CodeDeployProfile",
            "id": "i-04deae461698a795a",
            "instance_initiated_shutdown_behavior": "stop",
            "instance_lifecycle": "",
            "instance_market_options": [],
            "instance_state": "running",
            "instance_type": "t2.micro",
            "ipv6_address_count": 0,
            "ipv6_addresses": [],
            "key_name": "ec2-key_pair",
            "launch_template": [],
            "maintenance_options": [
              {
                "auto_recovery": "default"
              }
            ],
            "metadata_options": [
              {
                "http_endpoint": "enabled",
                "http_protocol_ipv6": "disabled",
                "http_put_response_hop_limit": 1,
                "http_tokens": "optional",
                "instance_metadata_tags": "disabled"
              }
            ],
            "monitoring": false,
            "network_interface": [],
            "outpost_arn": "",
            "password_data": "",
            "placement_group": "",
            "placement_partition_number": 0,
            "primary_network_interface_id": "eni-0de0fca97c886fa6e",
            "private_dns": "ip-10-0-1-146.ap-northeast-2.compute.internal",
            "private_dns_name_options": [
              {
                "enable_resource_name_dns_a_record": false,
                "enable_resource_name_dns_aaaa_record": false,
                "hostname_type": "ip-name"
              }
            ],
            "private_ip": "10.0.1.146",
            "public_dns": "ec2-54-180-245-67.ap-northeast-2.compute.amazonaws.com",
            "public_ip": "54.180.245.67",
            "root_block_device": [
              {
                "delete_on_termination": true,
                "device_name": "/dev/xvda",
                "encrypted": false,
                "iops": 100,
                "kms_key_id": "",
                "tags": {},
                "tags_all": {},
                "throughput": 0,
                "volume_id": "vol-03c06d78cfcf81f20",
                "volume_size": 8,
                "volume_type": "gp2"
              }
            ],
            "secondary_private_ips": [],
            "security_groups": [],
            "source_dest_check": true,
            "spot_instance_request_id": "",
            "subnet_id": "subnet-04464b6ac831dc69d",
            "tags": {
              "Environment": "Development",
              "Name": "istory nginx-server"
            },
            "tags_all": {
              "Environment": "Development",
              "Name": "istory nginx-server"
            },
            "tenancy": "default",
            "timeouts": null,
            "user_data": "89573fc17c6928260a1ff3340398cee177fd96f0",
            "user_data_base64": null,
            "user_data_replace_on_change": false,
            "volume_tags": null,
            "vpc_security_group_ids": [
              "sg-0abf5faf4a2a312db"
            ]
          },
          "sensitive_attributes": [],
          "private": "eyJlMmJmYjczMC1lY2FhLTExZTYtOGY4OC0zNDM2M2JjN2M0YzAiOnsiY3JlYXRlIjo2MDAwMDAwMDAwMDAsImRlbGV0ZSI6MTIwMDAwMDAwMDAwMCwicmVhZCI6OTAwMDAwMDAwMDAwLCJ1cGRhdGUiOjYwMDAwMDAwMDAwMH0sInNjaGVtYV92ZXJzaW9uIjoiMSJ9",
          "dependencies": [
            "aws_iam_instance_profile.ec2_profile",
            "aws_iam_role.ec2_codedeploy_role",
            "aws_key_pair.ec2_key_pair",
            "aws_security_group.istory_nginx_sg",
            "aws_subnet.dangtong-vpc-public-subnet",
            "aws_vpc.dangtong-vpc",
            "tls_private_key.ec2_private_key"
          ]
        }
      ]
    },
    {
      "mode": "managed",
      "type": "aws_internet_gateway",
      "name": "dangtong-igw",
      "provider": "provider[\"registry.terraform.io/hashicorp/aws\"]",
      "instances": [
        {
          "schema_version": 0,
          "attributes": {
            "arn": "arn:aws:ec2:ap-northeast-2:340752805738:internet-gateway/igw-0d5c7354b9cb648ac",
            "id": "igw-0d5c7354b9cb648ac",
            "owner_id": "340752805738",
            "tags": {
              "Name": "dangtong-igw"
            },
            "tags_all": {
              "Name": "dangtong-igw"
            },
            "timeouts": null,
            "vpc_id": "vpc-0cd3c8cd7f1dc8743"
          },
          "sensitive_attributes": [],
          "private": "eyJlMmJmYjczMC1lY2FhLTExZTYtOGY4OC0zNDM2M2JjN2M0YzAiOnsiY3JlYXRlIjoxMjAwMDAwMDAwMDAwLCJkZWxldGUiOjEyMDAwMDAwMDAwMDAsInVwZGF0ZSI6MTIwMDAwMDAwMDAwMH19",
          "dependencies": [
            "aws_vpc.dangtong-vpc"
          ]
        }
      ]
    },
    {
      "mode": "managed",
      "type": "aws_key_pair",
      "name": "ec2_key_pair",
      "provider": "provider[\"registry.terraform.io/hashicorp/aws\"]",
      "instances": [
        {
          "schema_version": 1,
          "attributes": {
            "arn": "arn:aws:ec2:ap-northeast-2:340752805738:key-pair/ec2-key_pair",
            "fingerprint": "da:dc:2a:3c:f4:27:7a:64:c8:5d:3d:b9:6d:58:97:47",
            "id": "ec2-key_pair",
            "key_name": "ec2-key_pair",
            "key_name_prefix": "",
            "key_pair_id": "key-038cc7c8b05fa165e",
            "key_type": "rsa",
            "public_key": "ssh-rsa AAAAB3NzaC1yc2EAAAADAQABAAABAQCob+WLogIQQNoIqopVqPJT6PAy33612cLaPhii90Jgh2KDtGSRNN7/WvB1S8In93kR3TOpnlHVnlekHl0+ZLul/BVjrdLNRrFxtTIoGjg6vPY8Zy77o8xdeSGGcNnmtJFV+9vIli/cuXex2q+JzpKg87eusi/TnzMohqH/I8OzEmMTo1bOjfO5zQ2JpLPlJMBrPAFpxh+iC23RxyzlZk35muCmYn+ltQaWLAAPJcgLKiCz4rjwRKFhvvJLxD2KGApDHs6UMwbiZqbabJ/ppiP1IO+tiZeNo+p4+F6ZWmmUiL+VO1aVxsKkAe7BS247Jb0upstCJZ+HEfRypC899hm3",
            "tags": {},
            "tags_all": {}
          },
          "sensitive_attributes": [],
          "private": "eyJzY2hlbWFfdmVyc2lvbiI6IjEifQ==",
          "dependencies": [
            "tls_private_key.ec2_private_key"
          ]
        }
      ]
    },
    {
      "mode": "managed",
      "type": "aws_route_table",
      "name": "dangtong-vpc-public-rt",
      "provider": "provider[\"registry.terraform.io/hashicorp/aws\"]",
      "instances": [
        {
          "schema_version": 0,
          "attributes": {
            "arn": "arn:aws:ec2:ap-northeast-2:340752805738:route-table/rtb-0384c13afd2962cbc",
            "id": "rtb-0384c13afd2962cbc",
            "owner_id": "340752805738",
            "propagating_vgws": [],
            "route": [
              {
                "carrier_gateway_id": "",
                "cidr_block": "0.0.0.0/0",
                "core_network_arn": "",
                "destination_prefix_list_id": "",
                "egress_only_gateway_id": "",
                "gateway_id": "igw-0d5c7354b9cb648ac",
                "ipv6_cidr_block": "",
                "local_gateway_id": "",
                "nat_gateway_id": "",
                "network_interface_id": "",
                "transit_gateway_id": "",
                "vpc_endpoint_id": "",
                "vpc_peering_connection_id": ""
              }
            ],
            "tags": {
              "Name": "dangtong-vpc-public-rt"
            },
            "tags_all": {
              "Name": "dangtong-vpc-public-rt"
            },
            "timeouts": null,
            "vpc_id": "vpc-0cd3c8cd7f1dc8743"
          },
          "sensitive_attributes": [],
          "private": "eyJlMmJmYjczMC1lY2FhLTExZTYtOGY4OC0zNDM2M2JjN2M0YzAiOnsiY3JlYXRlIjozMDAwMDAwMDAwMDAsImRlbGV0ZSI6MzAwMDAwMDAwMDAwLCJ1cGRhdGUiOjEyMDAwMDAwMDAwMH19",
          "dependencies": [
            "aws_internet_gateway.dangtong-igw",
            "aws_vpc.dangtong-vpc"
          ]
        }
      ]
    },
    {
      "mode": "managed",
      "type": "aws_route_table_association",
      "name": "dangtong-vpc-public-rt",
      "provider": "provider[\"registry.terraform.io/hashicorp/aws\"]",
      "instances": [
        {
          "index_key": "a",
          "schema_version": 0,
          "attributes": {
            "gateway_id": "",
            "id": "rtbassoc-05b1fc3a51ffbb1dd",
            "route_table_id": "rtb-0384c13afd2962cbc",
            "subnet_id": "subnet-04464b6ac831dc69d",
            "timeouts": null
          },
          "sensitive_attributes": [],
          "private": "eyJlMmJmYjczMC1lY2FhLTExZTYtOGY4OC0zNDM2M2JjN2M0YzAiOnsiY3JlYXRlIjozMDAwMDAwMDAwMDAsImRlbGV0ZSI6MzAwMDAwMDAwMDAwLCJ1cGRhdGUiOjEyMDAwMDAwMDAwMH19",
          "dependencies": [
            "aws_internet_gateway.dangtong-igw",
            "aws_route_table.dangtong-vpc-public-rt",
            "aws_subnet.dangtong-vpc-public-subnet",
            "aws_vpc.dangtong-vpc"
          ]
        },
        {
          "index_key": "b",
          "schema_version": 0,
          "attributes": {
            "gateway_id": "",
            "id": "rtbassoc-0cb825304969c74b8",
            "route_table_id": "rtb-0384c13afd2962cbc",
            "subnet_id": "subnet-0bd1f27a248db0766",
            "timeouts": null
          },
          "sensitive_attributes": [],
          "private": "eyJlMmJmYjczMC1lY2FhLTExZTYtOGY4OC0zNDM2M2JjN2M0YzAiOnsiY3JlYXRlIjozMDAwMDAwMDAwMDAsImRlbGV0ZSI6MzAwMDAwMDAwMDAwLCJ1cGRhdGUiOjEyMDAwMDAwMDAwMH19",
          "dependencies": [
            "aws_internet_gateway.dangtong-igw",
            "aws_route_table.dangtong-vpc-public-rt",
            "aws_subnet.dangtong-vpc-public-subnet",
            "aws_vpc.dangtong-vpc"
          ]
        },
        {
          "index_key": "c",
          "schema_version": 0,
          "attributes": {
            "gateway_id": "",
            "id": "rtbassoc-01c401518311f1f69",
            "route_table_id": "rtb-0384c13afd2962cbc",
            "subnet_id": "subnet-0d08e15d825f27d7b",
            "timeouts": null
          },
          "sensitive_attributes": [],
          "private": "eyJlMmJmYjczMC1lY2FhLTExZTYtOGY4OC0zNDM2M2JjN2M0YzAiOnsiY3JlYXRlIjozMDAwMDAwMDAwMDAsImRlbGV0ZSI6MzAwMDAwMDAwMDAwLCJ1cGRhdGUiOjEyMDAwMDAwMDAwMH19",
          "dependencies": [
            "aws_internet_gateway.dangtong-igw",
            "aws_route_table.dangtong-vpc-public-rt",
            "aws_subnet.dangtong-vpc-public-subnet",
            "aws_vpc.dangtong-vpc"
          ]
        },
        {
          "index_key": "d",
          "schema_version": 0,
          "attributes": {
            "gateway_id": "",
            "id": "rtbassoc-0ce3aea96410a7294",
            "route_table_id": "rtb-0384c13afd2962cbc",
            "subnet_id": "subnet-0021d5f2ecc22b4ca",
            "timeouts": null
          },
          "sensitive_attributes": [],
          "private": "eyJlMmJmYjczMC1lY2FhLTExZTYtOGY4OC0zNDM2M2JjN2M0YzAiOnsiY3JlYXRlIjozMDAwMDAwMDAwMDAsImRlbGV0ZSI6MzAwMDAwMDAwMDAwLCJ1cGRhdGUiOjEyMDAwMDAwMDAwMH19",
          "dependencies": [
            "aws_internet_gateway.dangtong-igw",
            "aws_route_table.dangtong-vpc-public-rt",
            "aws_subnet.dangtong-vpc-public-subnet",
            "aws_vpc.dangtong-vpc"
          ]
        }
      ]
    },
    {
      "mode": "managed",
      "type": "aws_s3_bucket",
      "name": "istory-deploy-bucket",
      "provider": "provider[\"registry.terraform.io/hashicorp/aws\"]",
      "instances": [
        {
          "schema_version": 0,
          "attributes": {
            "acceleration_status": "",
            "acl": null,
            "arn": "arn:aws:s3:::istory-deploy-bucket-340752805738",
            "bucket": "istory-deploy-bucket-340752805738",
            "bucket_domain_name": "istory-deploy-bucket-340752805738.s3.amazonaws.com",
            "bucket_prefix": "",
            "bucket_regional_domain_name": "istory-deploy-bucket-340752805738.s3.ap-northeast-2.amazonaws.com",
            "cors_rule": [],
            "force_destroy": false,
            "grant": [
              {
                "id": "2dc96dd81311307b69f15b3fb17e3c52d1b2bd10962add8b5c7991eb45f7cf8f",
                "permissions": [
                  "FULL_CONTROL"
                ],
                "type": "CanonicalUser",
                "uri": ""
              }
            ],
            "hosted_zone_id": "Z3W03O7B5YMIYP",
            "id": "istory-deploy-bucket-340752805738",
            "lifecycle_rule": [],
            "logging": [],
            "object_lock_configuration": [],
            "object_lock_enabled": false,
            "policy": "",
            "region": "ap-northeast-2",
            "replication_configuration": [],
            "request_payer": "BucketOwner",
            "server_side_encryption_configuration": [
              {
                "rule": [
                  {
                    "apply_server_side_encryption_by_default": [
                      {
                        "kms_master_key_id": "",
                        "sse_algorithm": "AES256"
                      }
                    ],
                    "bucket_key_enabled": false
                  }
                ]
              }
            ],
            "tags": {},
            "tags_all": {},
            "timeouts": null,
            "versioning": [
              {
                "enabled": true,
                "mfa_delete": false
              }
            ],
            "website": [],
            "website_domain": null,
            "website_endpoint": null
          },
          "sensitive_attributes": [],
          "private": "eyJlMmJmYjczMC1lY2FhLTExZTYtOGY4OC0zNDM2M2JjN2M0YzAiOnsiY3JlYXRlIjoxMjAwMDAwMDAwMDAwLCJkZWxldGUiOjM2MDAwMDAwMDAwMDAsInJlYWQiOjEyMDAwMDAwMDAwMDAsInVwZGF0ZSI6MTIwMDAwMDAwMDAwMH19",
          "dependencies": [
            "data.aws_caller_identity.current"
          ]
        }
      ]
    },
    {
      "mode": "managed",
      "type": "aws_s3_bucket_versioning",
      "name": "deploy_bucket_versioning",
      "provider": "provider[\"registry.terraform.io/hashicorp/aws\"]",
      "instances": [
        {
          "schema_version": 0,
          "attributes": {
            "bucket": "istory-deploy-bucket-340752805738",
            "expected_bucket_owner": "",
            "id": "istory-deploy-bucket-340752805738",
            "mfa": null,
            "versioning_configuration": [
              {
                "mfa_delete": "",
                "status": "Enabled"
              }
            ]
          },
          "sensitive_attributes": [],
          "private": "bnVsbA==",
          "dependencies": [
            "aws_s3_bucket.istory-deploy-bucket",
            "data.aws_caller_identity.current"
          ]
        }
      ]
    },
    {
      "mode": "managed",
      "type": "aws_security_group",
      "name": "istory_nginx_sg",
      "provider": "provider[\"registry.terraform.io/hashicorp/aws\"]",
      "instances": [
        {
          "schema_version": 1,
          "attributes": {
            "arn": "arn:aws:ec2:ap-northeast-2:340752805738:security-group/sg-0abf5faf4a2a312db",
            "description": "Managed by Terraform",
            "egress": [
              {
                "cidr_blocks": [
                  "0.0.0.0/0"
                ],
                "description": "",
                "from_port": 0,
                "ipv6_cidr_blocks": [],
                "prefix_list_ids": [],
                "protocol": "-1",
                "security_groups": [],
                "self": false,
                "to_port": 0
              }
            ],
            "id": "sg-0abf5faf4a2a312db",
            "ingress": [
              {
                "cidr_blocks": [
                  "0.0.0.0/0"
                ],
                "description": "Allow HTTP",
                "from_port": 8080,
                "ipv6_cidr_blocks": [],
                "prefix_list_ids": [],
                "protocol": "tcp",
                "security_groups": [],
                "self": false,
                "to_port": 8080
              },
              {
                "cidr_blocks": [
                  "0.0.0.0/0"
                ],
                "description": "Allow SSH",
                "from_port": 22,
                "ipv6_cidr_blocks": [],
                "prefix_list_ids": [],
                "protocol": "tcp",
                "security_groups": [],
                "self": false,
                "to_port": 22
              }
            ],
            "name": "istory nginx sg20250322052022198200000004",
            "name_prefix": "istory nginx sg",
            "owner_id": "340752805738",
            "revoke_rules_on_delete": false,
            "tags": {},
            "tags_all": {},
            "timeouts": null,
            "vpc_id": "vpc-0cd3c8cd7f1dc8743"
          },
          "sensitive_attributes": [],
          "private": "eyJlMmJmYjczMC1lY2FhLTExZTYtOGY4OC0zNDM2M2JjN2M0YzAiOnsiY3JlYXRlIjo2MDAwMDAwMDAwMDAsImRlbGV0ZSI6OTAwMDAwMDAwMDAwfSwic2NoZW1hX3ZlcnNpb24iOiIxIn0=",
          "dependencies": [
            "aws_vpc.dangtong-vpc"
          ]
        }
      ]
    },
    {
      "mode": "managed",
      "type": "aws_security_group",
      "name": "istory_rds_sg",
      "provider": "provider[\"registry.terraform.io/hashicorp/aws\"]",
      "instances": [
        {
          "schema_version": 1,
          "attributes": {
            "arn": "arn:aws:ec2:ap-northeast-2:340752805738:security-group/sg-09901a8bc436bcdba",
            "description": "Managed by Terraform",
            "egress": [
              {
                "cidr_blocks": [
                  "0.0.0.0/0"
                ],
                "description": "",
                "from_port": 0,
                "ipv6_cidr_blocks": [],
                "prefix_list_ids": [],
                "protocol": "-1",
                "security_groups": [],
                "self": false,
                "to_port": 0
              }
            ],
            "id": "sg-09901a8bc436bcdba",
            "ingress": [
              {
                "cidr_blocks": [],
                "description": "Allow MySQL from EC2",
                "from_port": 3306,
                "ipv6_cidr_blocks": [],
                "prefix_list_ids": [],
                "protocol": "tcp",
                "security_groups": [
                  "sg-0abf5faf4a2a312db"
                ],
                "self": false,
                "to_port": 3306
              }
            ],
            "name": "istory rds sg20250322052025036800000006",
            "name_prefix": "istory rds sg",
            "owner_id": "340752805738",
            "revoke_rules_on_delete": false,
            "tags": {
              "Name": "istory-rds-sg"
            },
            "tags_all": {
              "Name": "istory-rds-sg"
            },
            "timeouts": null,
            "vpc_id": "vpc-0cd3c8cd7f1dc8743"
          },
          "sensitive_attributes": [],
          "private": "eyJlMmJmYjczMC1lY2FhLTExZTYtOGY4OC0zNDM2M2JjN2M0YzAiOnsiY3JlYXRlIjo2MDAwMDAwMDAwMDAsImRlbGV0ZSI6OTAwMDAwMDAwMDAwfSwic2NoZW1hX3ZlcnNpb24iOiIxIn0=",
          "dependencies": [
            "aws_security_group.istory_nginx_sg",
            "aws_vpc.dangtong-vpc"
          ]
        }
      ]
    },
    {
      "mode": "managed",
      "type": "aws_subnet",
      "name": "dangtong-vpc-public-subnet",
      "provider": "provider[\"registry.terraform.io/hashicorp/aws\"]",
      "instances": [
        {
          "index_key": "a",
          "schema_version": 1,
          "attributes": {
            "arn": "arn:aws:ec2:ap-northeast-2:340752805738:subnet/subnet-04464b6ac831dc69d",
            "assign_ipv6_address_on_creation": false,
            "availability_zone": "ap-northeast-2a",
            "availability_zone_id": "apne2-az1",
            "cidr_block": "10.0.1.0/24",
            "customer_owned_ipv4_pool": "",
            "enable_dns64": false,
            "enable_lni_at_device_index": 0,
            "enable_resource_name_dns_a_record_on_launch": false,
            "enable_resource_name_dns_aaaa_record_on_launch": false,
            "id": "subnet-04464b6ac831dc69d",
            "ipv6_cidr_block": "",
            "ipv6_cidr_block_association_id": "",
            "ipv6_native": false,
            "map_customer_owned_ip_on_launch": false,
            "map_public_ip_on_launch": true,
            "outpost_arn": "",
            "owner_id": "340752805738",
            "private_dns_hostname_type_on_launch": "ip-name",
            "tags": {
              "Name": "dangtong-vpc-public-subnet-a"
            },
            "tags_all": {
              "Name": "dangtong-vpc-public-subnet-a"
            },
            "timeouts": null,
            "vpc_id": "vpc-0cd3c8cd7f1dc8743"
          },
          "sensitive_attributes": [],
          "private": "eyJlMmJmYjczMC1lY2FhLTExZTYtOGY4OC0zNDM2M2JjN2M0YzAiOnsiY3JlYXRlIjo2MDAwMDAwMDAwMDAsImRlbGV0ZSI6MTIwMDAwMDAwMDAwMH0sInNjaGVtYV92ZXJzaW9uIjoiMSJ9",
          "dependencies": [
            "aws_vpc.dangtong-vpc"
          ]
        },
        {
          "index_key": "b",
          "schema_version": 1,
          "attributes": {
            "arn": "arn:aws:ec2:ap-northeast-2:340752805738:subnet/subnet-0bd1f27a248db0766",
            "assign_ipv6_address_on_creation": false,
            "availability_zone": "ap-northeast-2b",
            "availability_zone_id": "apne2-az2",
            "cidr_block": "10.0.2.0/24",
            "customer_owned_ipv4_pool": "",
            "enable_dns64": false,
            "enable_lni_at_device_index": 0,
            "enable_resource_name_dns_a_record_on_launch": false,
            "enable_resource_name_dns_aaaa_record_on_launch": false,
            "id": "subnet-0bd1f27a248db0766",
            "ipv6_cidr_block": "",
            "ipv6_cidr_block_association_id": "",
            "ipv6_native": false,
            "map_customer_owned_ip_on_launch": false,
            "map_public_ip_on_launch": true,
            "outpost_arn": "",
            "owner_id": "340752805738",
            "private_dns_hostname_type_on_launch": "ip-name",
            "tags": {
              "Name": "dangtong-vpc-public-subnet-b"
            },
            "tags_all": {
              "Name": "dangtong-vpc-public-subnet-b"
            },
            "timeouts": null,
            "vpc_id": "vpc-0cd3c8cd7f1dc8743"
          },
          "sensitive_attributes": [],
          "private": "eyJlMmJmYjczMC1lY2FhLTExZTYtOGY4OC0zNDM2M2JjN2M0YzAiOnsiY3JlYXRlIjo2MDAwMDAwMDAwMDAsImRlbGV0ZSI6MTIwMDAwMDAwMDAwMH0sInNjaGVtYV92ZXJzaW9uIjoiMSJ9",
          "dependencies": [
            "aws_vpc.dangtong-vpc"
          ]
        },
        {
          "index_key": "c",
          "schema_version": 1,
          "attributes": {
            "arn": "arn:aws:ec2:ap-northeast-2:340752805738:subnet/subnet-0d08e15d825f27d7b",
            "assign_ipv6_address_on_creation": false,
            "availability_zone": "ap-northeast-2c",
            "availability_zone_id": "apne2-az3",
            "cidr_block": "10.0.3.0/24",
            "customer_owned_ipv4_pool": "",
            "enable_dns64": false,
            "enable_lni_at_device_index": 0,
            "enable_resource_name_dns_a_record_on_launch": false,
            "enable_resource_name_dns_aaaa_record_on_launch": false,
            "id": "subnet-0d08e15d825f27d7b",
            "ipv6_cidr_block": "",
            "ipv6_cidr_block_association_id": "",
            "ipv6_native": false,
            "map_customer_owned_ip_on_launch": false,
            "map_public_ip_on_launch": true,
            "outpost_arn": "",
            "owner_id": "340752805738",
            "private_dns_hostname_type_on_launch": "ip-name",
            "tags": {
              "Name": "dangtong-vpc-public-subnet-c"
            },
            "tags_all": {
              "Name": "dangtong-vpc-public-subnet-c"
            },
            "timeouts": null,
            "vpc_id": "vpc-0cd3c8cd7f1dc8743"
          },
          "sensitive_attributes": [],
          "private": "eyJlMmJmYjczMC1lY2FhLTExZTYtOGY4OC0zNDM2M2JjN2M0YzAiOnsiY3JlYXRlIjo2MDAwMDAwMDAwMDAsImRlbGV0ZSI6MTIwMDAwMDAwMDAwMH0sInNjaGVtYV92ZXJzaW9uIjoiMSJ9",
          "dependencies": [
            "aws_vpc.dangtong-vpc"
          ]
        },
        {
          "index_key": "d",
          "schema_version": 1,
          "attributes": {
            "arn": "arn:aws:ec2:ap-northeast-2:340752805738:subnet/subnet-0021d5f2ecc22b4ca",
            "assign_ipv6_address_on_creation": false,
            "availability_zone": "ap-northeast-2d",
            "availability_zone_id": "apne2-az4",
            "cidr_block": "10.0.4.0/24",
            "customer_owned_ipv4_pool": "",
            "enable_dns64": false,
            "enable_lni_at_device_index": 0,
            "enable_resource_name_dns_a_record_on_launch": false,
            "enable_resource_name_dns_aaaa_record_on_launch": false,
            "id": "subnet-0021d5f2ecc22b4ca",
            "ipv6_cidr_block": "",
            "ipv6_cidr_block_association_id": "",
            "ipv6_native": false,
            "map_customer_owned_ip_on_launch": false,
            "map_public_ip_on_launch": true,
            "outpost_arn": "",
            "owner_id": "340752805738",
            "private_dns_hostname_type_on_launch": "ip-name",
            "tags": {
              "Name": "dangtong-vpc-public-subnet-d"
            },
            "tags_all": {
              "Name": "dangtong-vpc-public-subnet-d"
            },
            "timeouts": null,
            "vpc_id": "vpc-0cd3c8cd7f1dc8743"
          },
          "sensitive_attributes": [],
          "private": "eyJlMmJmYjczMC1lY2FhLTExZTYtOGY4OC0zNDM2M2JjN2M0YzAiOnsiY3JlYXRlIjo2MDAwMDAwMDAwMDAsImRlbGV0ZSI6MTIwMDAwMDAwMDAwMH0sInNjaGVtYV92ZXJzaW9uIjoiMSJ9",
          "dependencies": [
            "aws_vpc.dangtong-vpc"
          ]
        }
      ]
    },
    {
      "mode": "managed",
      "type": "aws_vpc",
      "name": "dangtong-vpc",
      "provider": "provider[\"registry.terraform.io/hashicorp/aws\"]",
      "instances": [
        {
          "schema_version": 1,
          "attributes": {
            "arn": "arn:aws:ec2:ap-northeast-2:340752805738:vpc/vpc-0cd3c8cd7f1dc8743",
            "assign_generated_ipv6_cidr_block": false,
            "cidr_block": "10.0.0.0/16",
            "default_network_acl_id": "acl-042f7275733c20adb",
            "default_route_table_id": "rtb-028f7ce3b7b3e5c89",
            "default_security_group_id": "sg-08ef4a61e8f8cd05e",
            "dhcp_options_id": "dopt-0f085a3f214be7ea9",
            "enable_dns_hostnames": true,
            "enable_dns_support": true,
            "enable_network_address_usage_metrics": false,
            "id": "vpc-0cd3c8cd7f1dc8743",
            "instance_tenancy": "default",
            "ipv4_ipam_pool_id": null,
            "ipv4_netmask_length": null,
            "ipv6_association_id": "",
            "ipv6_cidr_block": "",
            "ipv6_cidr_block_network_border_group": "",
            "ipv6_ipam_pool_id": "",
            "ipv6_netmask_length": 0,
            "main_route_table_id": "rtb-028f7ce3b7b3e5c89",
            "owner_id": "340752805738",
            "tags": {
              "Name": "dangtong-vpc"
            },
            "tags_all": {
              "Name": "dangtong-vpc"
            }
          },
          "sensitive_attributes": [],
          "private": "eyJzY2hlbWFfdmVyc2lvbiI6IjEifQ=="
        }
      ]
    },
    {
      "mode": "managed",
      "type": "tls_private_key",
      "name": "ec2_private_key",
      "provider": "provider[\"registry.terraform.io/hashicorp/tls\"]",
      "instances": [
        {
          "schema_version": 1,
          "attributes": {
            "algorithm": "RSA",
            "ecdsa_curve": "P224",
            "id": "bd16b7fc3756f96af8c5966a54a63c2d8d826392",
            "private_key_openssh": "-----BEGIN OPENSSH PRIVATE KEY-----\nb3BlbnNzaC1rZXktdjEAAAAABG5vbmUAAAAEbm9uZQAAAAAAAAABAAABFwAAAAdz\nc2gtcnNhAAAAAwEAAQAAAQEAqG/li6ICEEDaCKqKVajyU+jwMt9+tdnC2j4YovdC\nYIdig7RkkTTe/1rwdUvCJ/d5Ed0zqZ5R1Z5XpB5dPmS7pfwVY63SzUaxcbUyKBo4\nOrz2PGcu+6PMXXkhhnDZ5rSRVfvbyJYv3Ll3sdqvic6SoPO3rrIv058zKIah/yPD\nsxJjE6NWzo3zuc0NiaSz5STAazwBacYfogtt0ccs5WZN+ZrgpmJ/pbUGliwADyXI\nCyogs+K48EShYb7yS8Q9ihgKQx7OlDMG4mam2myf6aYj9SDvrYmXjaPqePhemVpp\nlIi/lTtWlcbCpAHuwUtuOyW9LqbLQiWfhxH0cqQvPfYZtwAAA7hEy0VCRMtFQgAA\nAAdzc2gtcnNhAAABAQCob+WLogIQQNoIqopVqPJT6PAy33612cLaPhii90Jgh2KD\ntGSRNN7/WvB1S8In93kR3TOpnlHVnlekHl0+ZLul/BVjrdLNRrFxtTIoGjg6vPY8\nZy77o8xdeSGGcNnmtJFV+9vIli/cuXex2q+JzpKg87eusi/TnzMohqH/I8OzEmMT\no1bOjfO5zQ2JpLPlJMBrPAFpxh+iC23RxyzlZk35muCmYn+ltQaWLAAPJcgLKiCz\n4rjwRKFhvvJLxD2KGApDHs6UMwbiZqbabJ/ppiP1IO+tiZeNo+p4+F6ZWmmUiL+V\nO1aVxsKkAe7BS247Jb0upstCJZ+HEfRypC899hm3AAAAAwEAAQAAAQBM5SCXGXP1\ntZWURT74EjPm6L3Xi76OCIbzGUwoAdd0t/nahJ0wyUFQtFR4SAiwNEM6S5DNS7Cy\nZCJAk3ggBt6/zRB6vB0zh6V0crMeKbIn5qJHOxfw23tt5OHQPW7M6vw6k8tnjGD3\nVFh3go2GzR6Vig3+G+zHoLM7OhN0pgAunGV2muS1Y5xVNY4lAHJH80CXjzZ0Xc5K\n7x9LiZXMQED+A7t2C8O8pWkCsqCEkr+a93oVmnhxgoJOqt0Lr4rig8sFOHS1OjKj\npkTnDwP95bGHi+RiTDZOCd3zg/zCkIV4hESjSfamUTXaiZJDLW8ASic+FsyJH1Xo\nyPZp38eSDJhhAAAAgQCuB4qyxdle7PXlQWAK+JV+i1WkgXYTtV9IlRYLYUSJwJl1\nIWAPAHyQg9L8T+A4Y+gMVn6sjn/iIZRJJ6rrznd7ySlxXEKhCIqYcQJM0Fkcf14f\nX+ch9bD4WIaGCjwyZa6SEu9mjW9zEEVrVAGoBfYwm0inV8aLgpsXgI8a5/xdwAAA\nAIEAxYLo5QNPMdpy11OwSyvUnnDlg5dnQk8XDLeaXlc/lfvyvrSM3tdm71iuxoYp\nc2yqNAm2+dOoCCLpSBiE3PLloIXRAnebORWW9pwjz6c1XarLfO1/bCflRvGvN81Z\nLv0cgbwrC2Hhfn0PGQFdteqSNxVl9bcieRJipI3Bn2uu4PEAAACBANpQ5x1vAQiX\ny757/h5DK3SIMCiWDdRXje5fNZmZ1JD4oMC8pU/TAoPE46kZyuGhsvjDSa9inMES\n+z9GNk+oLPdxRqCsYns5IvR4MfEVMC/bjMzoXqIs/QYamAft2gXiLsD0EjgwGzRb\n71h8U6jqYHrpzrYtAPwz/Z5vXFd8vyUnAAAAAAEC\n-----END OPENSSH PRIVATE KEY-----\n",
            "private_key_pem": "-----BEGIN RSA PRIVATE KEY-----\nMIIEpQIBAAKCAQEAqG/li6ICEEDaCKqKVajyU+jwMt9+tdnC2j4YovdCYIdig7Rk\nkTTe/1rwdUvCJ/d5Ed0zqZ5R1Z5XpB5dPmS7pfwVY63SzUaxcbUyKBo4Orz2PGcu\n+6PMXXkhhnDZ5rSRVfvbyJYv3Ll3sdqvic6SoPO3rrIv058zKIah/yPDsxJjE6NW\nzo3zuc0NiaSz5STAazwBacYfogtt0ccs5WZN+ZrgpmJ/pbUGliwADyXICyogs+K4\n8EShYb7yS8Q9ihgKQx7OlDMG4mam2myf6aYj9SDvrYmXjaPqePhemVpplIi/lTtW\nlcbCpAHuwUtuOyW9LqbLQiWfhxH0cqQvPfYZtwIDAQABAoIBAEzlIJcZc/W1lZRF\nPvgSM+bovdeLvo4IhvMZTCgB13S3+dqEnTDJQVC0VHhICLA0QzpLkM1LsLJkIkCT\neCAG3r/NEHq8HTOHpXRysx4psifmokc7F/Dbe23k4dA9bszq/DqTy2eMYPdUWHeC\njYbNHpWKDf4b7Megszs6E3SmAC6cZXaa5LVjnFU1jiUAckfzQJePNnRdzkrvH0uJ\nlcxAQP4Du3YLw7ylaQKyoISSv5r3ehWaeHGCgk6q3QuviuKDywU4dLU6MqOmROcP\nA/3lsYeL5GJMNk4J3fOD/MKQhXiERKNJ9qZRNdqJkkMtbwBKJz4WzIkfVejI9mnf\nx5IMmGECgYEAxYLo5QNPMdpy11OwSyvUnnDlg5dnQk8XDLeaXlc/lfvyvrSM3tdm\n71iuxoYpc2yqNAm2+dOoCCLpSBiE3PLloIXRAnebORWW9pwjz6c1XarLfO1/bCfl\nRvGvN81ZLv0cgbwrC2Hhfn0PGQFdteqSNxVl9bcieRJipI3Bn2uu4PECgYEA2lDn\nHW8BCJfLvnv+HkMrdIgwKJYN1FeN7l81mZnUkPigwLylT9MCg8TjqRnK4aGy+MNJ\nr2KcwRL7P0Y2T6gs93FGoKxiezki9Hgx8RUwL9uMzOheoiz9BhqYB+3aBeIuwPQS\nODAbNFvvWHxTqOpgeunOti0A/DP9nm9cV3y/JScCgYEAhYkllrhvEcCkxkpxtdET\ndm/T7O0vRhic998mgkQw3GG0VBVT7NHraUUnHVfVrJE6XeZ3jF76i023NSRGp++d\nKrNuhWGCU8zx/RfB6oIdRY/U9kjITsKGdDmxAmRWuLsuS9SBsbdispcw3vIafoTy\niEVyYveHWh4BDUo+L1+po7ECgYEAsuvhLgc+kptNePTHxGeKYrwGtAyekuuav8S5\n+gPP6WxK2wsAdNZb1kBz0K/5zUenlSb/6cRo8fergCT79/a9u6HTn3UIVTLzieZE\nD/AsiNxnnbvHayRxziHXfZAawf2oEa02jWQnt5atJxjlu6cyoSmjpzxk9U1qywE7\nbdwoD7sCgYEArgeKssXZXuz15UFgCviVfotVpIF2E7VfSJUWC2FEicCZdSFgDwB8\nkIPS/E/gOGPoDFZ+rI5/4iGUSSeq6853e8kpcVxCoQiKmHECTNBZHH9eH1/nIfWw\n+FiGhgo8MmWukhLvZo1vcxBFa1QBqAX2MJtIp1fGi4KbF4CPGuf8XcA=\n-----END RSA PRIVATE KEY-----\n",
            "private_key_pem_pkcs8": "-----BEGIN PRIVATE KEY-----\nMIIEvwIBADANBgkqhkiG9w0BAQEFAASCBKkwggSlAgEAAoIBAQCob+WLogIQQNoI\nqopVqPJT6PAy33612cLaPhii90Jgh2KDtGSRNN7/WvB1S8In93kR3TOpnlHVnlek\nHl0+ZLul/BVjrdLNRrFxtTIoGjg6vPY8Zy77o8xdeSGGcNnmtJFV+9vIli/cuXex\n2q+JzpKg87eusi/TnzMohqH/I8OzEmMTo1bOjfO5zQ2JpLPlJMBrPAFpxh+iC23R\nxyzlZk35muCmYn+ltQaWLAAPJcgLKiCz4rjwRKFhvvJLxD2KGApDHs6UMwbiZqba\nbJ/ppiP1IO+tiZeNo+p4+F6ZWmmUiL+VO1aVxsKkAe7BS247Jb0upstCJZ+HEfRy\npC899hm3AgMBAAECggEATOUglxlz9bWVlEU++BIz5ui914u+jgiG8xlMKAHXdLf5\n2oSdMMlBULRUeEgIsDRDOkuQzUuwsmQiQJN4IAbev80QerwdM4eldHKzHimyJ+ai\nRzsX8Nt7beTh0D1uzOr8OpPLZ4xg91RYd4KNhs0elYoN/hvsx6CzOzoTdKYALpxl\ndprktWOcVTWOJQByR/NAl482dF3OSu8fS4mVzEBA/gO7dgvDvKVpArKghJK/mvd6\nFZp4cYKCTqrdC6+K4oPLBTh0tToyo6ZE5w8D/eWxh4vkYkw2Tgnd84P8wpCFeIRE\no0n2plE12omSQy1vAEonPhbMiR9V6Mj2ad/HkgyYYQKBgQDFgujlA08x2nLXU7BL\nK9SecOWDl2dCTxcMt5peVz+V+/K+tIze12bvWK7GhilzbKo0Cbb506gIIulIGITc\n8uWghdECd5s5FZb2nCPPpzVdqst87X9sJ+VG8a83zVku/RyBvCsLYeF+fQ8ZAV21\n6pI3FWX1tyJ5EmKkjcGfa67g8QKBgQDaUOcdbwEIl8u+e/4eQyt0iDAolg3UV43u\nXzWZmdSQ+KDAvKVP0wKDxOOpGcrhobL4w0mvYpzBEvs/RjZPqCz3cUagrGJ7OSL0\neDHxFTAv24zM6F6iLP0GGpgH7doF4i7A9BI4MBs0W+9YfFOo6mB66c62LQD8M/2e\nb1xXfL8lJwKBgQCFiSWWuG8RwKTGSnG10RN2b9Ps7S9GGJz33yaCRDDcYbRUFVPs\n0etpRScdV9WskTpd5neMXvqLTbc1JEan750qs26FYYJTzPH9F8Hqgh1Fj9T2SMhO\nwoZ0ObECZFa4uy5L1IGxt2KylzDe8hp+hPKIRXJi94daHgENSj4vX6mjsQKBgQCy\n6+EuBz6Sm0149MfEZ4pivAa0DJ6S65q/xLn6A8/pbErbCwB01lvWQHPQr/nNR6eV\nJv/pxGjx96uAJPv39r27odOfdQhVMvOJ5kQP8CyI3Gedu8drJHHOIdd9kBrB/agR\nrTaNZCe3lq0nGOW7pzKhKaOnPGT1TWrLATtt3CgPuwKBgQCuB4qyxdle7PXlQWAK\n+JV+i1WkgXYTtV9IlRYLYUSJwJl1IWAPAHyQg9L8T+A4Y+gMVn6sjn/iIZRJJ6rr\nznd7ySlxXEKhCIqYcQJM0Fkcf14fX+ch9bD4WIaGCjwyZa6SEu9mjW9zEEVrVAGo\nBfYwm0inV8aLgpsXgI8a5/xdwA==\n-----END PRIVATE KEY-----\n",
            "public_key_fingerprint_md5": "71:f4:75:49:29:b9:73:38:f5:c7:9d:40:9b:cd:91:ee",
            "public_key_fingerprint_sha256": "SHA256:0oKk+tS8Hr7YASfBMH2mmLvQffVBWuOgs7dqypXByN8",
            "public_key_openssh": "ssh-rsa AAAAB3NzaC1yc2EAAAADAQABAAABAQCob+WLogIQQNoIqopVqPJT6PAy33612cLaPhii90Jgh2KDtGSRNN7/WvB1S8In93kR3TOpnlHVnlekHl0+ZLul/BVjrdLNRrFxtTIoGjg6vPY8Zy77o8xdeSGGcNnmtJFV+9vIli/cuXex2q+JzpKg87eusi/TnzMohqH/I8OzEmMTo1bOjfO5zQ2JpLPlJMBrPAFpxh+iC23RxyzlZk35muCmYn+ltQaWLAAPJcgLKiCz4rjwRKFhvvJLxD2KGApDHs6UMwbiZqbabJ/ppiP1IO+tiZeNo+p4+F6ZWmmUiL+VO1aVxsKkAe7BS247Jb0upstCJZ+HEfRypC899hm3\n",
            "public_key_pem": "-----BEGIN PUBLIC KEY-----\nMIIBIjANBgkqhkiG9w0BAQEFAAOCAQ8AMIIBCgKCAQEAqG/li6ICEEDaCKqKVajy\nU+jwMt9+tdnC2j4YovdCYIdig7RkkTTe/1rwdUvCJ/d5Ed0zqZ5R1Z5XpB5dPmS7\npfwVY63SzUaxcbUyKBo4Orz2PGcu+6PMXXkhhnDZ5rSRVfvbyJYv3Ll3sdqvic6S\noPO3rrIv058zKIah/yPDsxJjE6NWzo3zuc0NiaSz5STAazwBacYfogtt0ccs5WZN\n+ZrgpmJ/pbUGliwADyXICyogs+K48EShYb7yS8Q9ihgKQx7OlDMG4mam2myf6aYj\n9SDvrYmXjaPqePhemVpplIi/lTtWlcbCpAHuwUtuOyW9LqbLQiWfhxH0cqQvPfYZ\ntwIDAQAB\n-----END PUBLIC KEY-----\n",
            "rsa_bits": 2048
          },
          "sensitive_attributes": [
            [
              {
                "type": "get_attr",
                "value": "private_key_pem"
              }
            ],
            [
              {
                "type": "get_attr",
                "value": "private_key_pem_pkcs8"
              }
            ],
            [
              {
                "type": "get_attr",
                "value": "private_key_openssh"
              }
            ]
          ]
        }
      ]
    }
  ],
  "check_results": null
}
